{
  "version": 4,
  "terraform_version": "0.12.6",
  "serial": 50,
  "lineage": "7582eee6-fdcd-f8e2-f329-abb991fba034",
  "outputs": {
    "dn_ec2": {
      "value": {
        "key_name": "terraform",
        "public_ip": "34.212.206.65"
      },
      "type": [
        "object",
        {
          "key_name": "string",
          "public_ip": "string"
        }
      ]
    },
    "dn_hosted_zone": {
      "value": {
        "name_servers": [
          "ns-1224.awsdns-25.org",
          "ns-1810.awsdns-34.co.uk",
          "ns-457.awsdns-57.com",
          "ns-682.awsdns-21.net"
        ],
        "zone_id": "Z22D2LRA1CPL8C"
      },
      "type": [
        "object",
        {
          "name_servers": [
            "list",
            "string"
          ],
          "zone_id": "string"
        }
      ]
    }
  },
  "resources": [
    {
      "mode": "managed",
      "type": "aws_instance",
      "name": "ec2",
      "provider": "provider.aws",
      "instances": [
        {
          "schema_version": 1,
          "attributes": {
            "ami": "ami-09dd4001591d020e1",
            "arn": "arn:aws:ec2:us-west-2:959705425268:instance/i-0850989b978660aab",
            "associate_public_ip_address": true,
            "availability_zone": "us-west-2b",
            "cpu_core_count": 1,
            "cpu_threads_per_core": 1,
            "credit_specification": [
              {
                "cpu_credits": "standard"
              }
            ],
            "disable_api_termination": false,
            "ebs_block_device": [],
            "ebs_optimized": false,
            "ephemeral_block_device": [],
            "get_password_data": false,
            "host_id": null,
            "iam_instance_profile": "",
            "id": "i-0850989b978660aab",
            "instance_initiated_shutdown_behavior": null,
            "instance_state": "running",
            "instance_type": "t2.micro",
            "ipv6_address_count": 0,
            "ipv6_addresses": [],
            "key_name": "terraform",
            "monitoring": false,
            "network_interface": [],
            "network_interface_id": null,
            "password_data": "",
            "placement_group": "",
            "primary_network_interface_id": "eni-0cbb7fb2d4523cf4a",
            "private_dns": "ip-172-31-17-164.us-west-2.compute.internal",
            "private_ip": "172.31.17.164",
            "public_dns": "ec2-34-212-206-65.us-west-2.compute.amazonaws.com",
            "public_ip": "34.212.206.65",
            "root_block_device": [
              {
                "delete_on_termination": true,
                "encrypted": false,
                "iops": 100,
                "kms_key_id": "",
                "volume_id": "vol-0a50d3a07c3e0301e",
                "volume_size": 8,
                "volume_type": "gp2"
              }
            ],
            "security_groups": [
              "default"
            ],
            "source_dest_check": true,
            "subnet_id": "subnet-cb1a2fb2",
            "tags": null,
            "tenancy": "default",
            "timeouts": null,
            "user_data": null,
            "user_data_base64": null,
            "volume_tags": {},
            "vpc_security_group_ids": [
              "sg-aa99dee3"
            ]
          },
          "private": "eyJlMmJmYjczMC1lY2FhLTExZTYtOGY4OC0zNDM2M2JjN2M0YzAiOnsiY3JlYXRlIjo2MDAwMDAwMDAwMDAsImRlbGV0ZSI6MTIwMDAwMDAwMDAwMCwidXBkYXRlIjo2MDAwMDAwMDAwMDB9LCJzY2hlbWFfdmVyc2lvbiI6IjEifQ=="
        }
      ]
    },
    {
      "mode": "managed",
      "type": "aws_route53_record",
      "name": "deepthinalla-A",
      "provider": "provider.aws",
      "instances": [
        {
          "schema_version": 2,
          "attributes": {
            "alias": [],
            "allow_overwrite": null,
            "failover_routing_policy": [],
            "fqdn": "test.deepthinalla.com",
            "geolocation_routing_policy": [],
            "health_check_id": null,
            "id": "Z22D2LRA1CPL8C_test.deepthinalla.com_A",
            "latency_routing_policy": [],
            "multivalue_answer_routing_policy": null,
            "name": "test.deepthinalla.com",
            "records": [
              "34.212.206.65"
            ],
            "set_identifier": null,
            "ttl": 100,
            "type": "A",
            "weighted_routing_policy": [],
            "zone_id": "Z22D2LRA1CPL8C"
          },
          "private": "eyJzY2hlbWFfdmVyc2lvbiI6IjIifQ==",
          "depends_on": [
            "aws_instance.ec2",
            "aws_route53_zone.deepthinalla_test"
          ]
        }
      ]
    },
    {
      "mode": "managed",
      "type": "aws_route53_record",
      "name": "deepthinalla-test-ns",
      "provider": "provider.aws",
      "instances": [
        {
          "schema_version": 2,
          "attributes": {
            "alias": [],
            "allow_overwrite": null,
            "failover_routing_policy": [],
            "fqdn": "test.deepthinalla.com",
            "geolocation_routing_policy": [],
            "health_check_id": null,
            "id": "Z1ZE89HABHJXJ5_test.deepthinalla.com_NS",
            "latency_routing_policy": [],
            "multivalue_answer_routing_policy": null,
            "name": "test.deepthinalla.com",
            "records": [
              "ns-1224.awsdns-25.org",
              "ns-1810.awsdns-34.co.uk",
              "ns-457.awsdns-57.com",
              "ns-682.awsdns-21.net"
            ],
            "set_identifier": null,
            "ttl": 100,
            "type": "NS",
            "weighted_routing_policy": [],
            "zone_id": "Z1ZE89HABHJXJ5"
          },
          "private": "eyJzY2hlbWFfdmVyc2lvbiI6IjIifQ==",
          "depends_on": [
            "aws_route53_zone.deepthinalla_test"
          ]
        }
      ]
    },
    {
      "mode": "managed",
      "type": "aws_route53_zone",
      "name": "deepthinalla_test",
      "provider": "provider.aws",
      "instances": [
        {
          "schema_version": 0,
          "attributes": {
            "comment": "Managed by Terraform",
            "delegation_set_id": "",
            "force_destroy": false,
            "id": "Z22D2LRA1CPL8C",
            "name": "test.deepthinalla.com.",
            "name_servers": [
              "ns-1224.awsdns-25.org",
              "ns-1810.awsdns-34.co.uk",
              "ns-457.awsdns-57.com",
              "ns-682.awsdns-21.net"
            ],
            "tags": null,
            "vpc": [],
            "vpc_id": null,
            "vpc_region": null,
            "zone_id": "Z22D2LRA1CPL8C"
          },
          "private": "bnVsbA=="
        }
      ]
    }
  ]
}
