{
  "version": 4,
  "terraform_version": "0.12.6",
  "serial": 28,
  "lineage": "7582eee6-fdcd-f8e2-f329-abb991fba034",
  "outputs": {
    "dn_ec2": {
      "value": {
        "key_name": "terraform",
        "public_ip": "34.219.47.93"
      },
      "type": [
        "object",
        {
          "key_name": "string",
          "public_ip": "string"
        }
      ]
    },
    "dn_hosted_zone": {
      "value": {
        "name_servers": [
          "ns-1431.awsdns-50.org",
          "ns-1749.awsdns-26.co.uk",
          "ns-275.awsdns-34.com",
          "ns-598.awsdns-10.net"
        ],
        "zone_id": "Z3VDN9MIS3DG49"
      },
      "type": [
        "object",
        {
          "name_servers": [
            "list",
            "string"
          ],
          "zone_id": "string"
        }
      ]
    }
  },
  "resources": [
    {
      "mode": "managed",
      "type": "aws_instance",
      "name": "ec2",
      "provider": "provider.aws",
      "instances": [
        {
          "schema_version": 1,
          "attributes": {
            "ami": "ami-0f2176987ee50226e",
            "arn": "arn:aws:ec2:us-west-2:959705425268:instance/i-03e4e370090d5d120",
            "associate_public_ip_address": true,
            "availability_zone": "us-west-2b",
            "cpu_core_count": 1,
            "cpu_threads_per_core": 1,
            "credit_specification": [
              {
                "cpu_credits": "standard"
              }
            ],
            "disable_api_termination": false,
            "ebs_block_device": [],
            "ebs_optimized": false,
            "ephemeral_block_device": [],
            "get_password_data": false,
            "host_id": null,
            "iam_instance_profile": "",
            "id": "i-03e4e370090d5d120",
            "instance_initiated_shutdown_behavior": null,
            "instance_state": "running",
            "instance_type": "t2.micro",
            "ipv6_address_count": 0,
            "ipv6_addresses": [],
            "key_name": "terraform",
            "monitoring": false,
            "network_interface": [],
            "network_interface_id": null,
            "password_data": "",
            "placement_group": "",
            "primary_network_interface_id": "eni-086cc15946a2264b7",
            "private_dns": "ip-172-31-24-56.us-west-2.compute.internal",
            "private_ip": "172.31.24.56",
            "public_dns": "ec2-34-219-47-93.us-west-2.compute.amazonaws.com",
            "public_ip": "34.219.47.93",
            "root_block_device": [
              {
                "delete_on_termination": true,
                "encrypted": false,
                "iops": 100,
                "kms_key_id": "",
                "volume_id": "vol-0b2163ca00c843b39",
                "volume_size": 8,
                "volume_type": "gp2"
              }
            ],
            "security_groups": [
              "default"
            ],
            "source_dest_check": true,
            "subnet_id": "subnet-cb1a2fb2",
            "tags": {},
            "tenancy": "default",
            "timeouts": null,
            "user_data": null,
            "user_data_base64": null,
            "volume_tags": {},
            "vpc_security_group_ids": [
              "sg-aa99dee3"
            ]
          },
          "private": "eyJlMmJmYjczMC1lY2FhLTExZTYtOGY4OC0zNDM2M2JjN2M0YzAiOnsiY3JlYXRlIjo2MDAwMDAwMDAwMDAsImRlbGV0ZSI6MTIwMDAwMDAwMDAwMCwidXBkYXRlIjo2MDAwMDAwMDAwMDB9LCJzY2hlbWFfdmVyc2lvbiI6IjEifQ=="
        }
      ]
    },
    {
      "mode": "managed",
      "type": "aws_route53_record",
      "name": "deepthinalla-A",
      "provider": "provider.aws",
      "instances": [
        {
          "schema_version": 2,
          "attributes": {
            "alias": [],
            "allow_overwrite": null,
            "failover_routing_policy": [],
            "fqdn": "deepthinalla.com",
            "geolocation_routing_policy": [],
            "health_check_id": "",
            "id": "Z3VDN9MIS3DG49_deepthinalla.com_A",
            "latency_routing_policy": [],
            "multivalue_answer_routing_policy": null,
            "name": "deepthinalla.com",
            "records": [
              "34.219.47.93"
            ],
            "set_identifier": "",
            "ttl": 100,
            "type": "A",
            "weighted_routing_policy": [],
            "zone_id": "Z3VDN9MIS3DG49"
          },
          "private": "eyJzY2hlbWFfdmVyc2lvbiI6IjIifQ==",
          "depends_on": [
            "aws_instance.ec2",
            "aws_route53_zone.deepthinalla"
          ]
        }
      ]
    },
    {
      "mode": "managed",
      "type": "aws_route53_zone",
      "name": "deepthinalla",
      "provider": "provider.aws",
      "instances": [
        {
          "schema_version": 0,
          "attributes": {
            "comment": "Managed by Terraform",
            "delegation_set_id": "",
            "force_destroy": false,
            "id": "Z3VDN9MIS3DG49",
            "name": "deepthinalla.com.",
            "name_servers": [
              "ns-1431.awsdns-50.org",
              "ns-1749.awsdns-26.co.uk",
              "ns-275.awsdns-34.com",
              "ns-598.awsdns-10.net"
            ],
            "tags": {},
            "vpc": [],
            "vpc_id": null,
            "vpc_region": null,
            "zone_id": "Z3VDN9MIS3DG49"
          },
          "private": "bnVsbA=="
        }
      ]
    }
  ]
}
